
Microsoft Visual Studio Solution File, Format Version 12.00
# Visual Studio Version 17
VisualStudioVersion = 17.0.31903.59
MinimumVisualStudioVersion = 10.0.40219.1
Project("{FAE04EC0-301F-11D3-BF4B-00C04F79EFBC}") = "RectService", "RectService\RectService.csproj", "{855B7A47-F921-4617-8159-7F23D45DBE68}"
EndProject
Project("{FAE04EC0-301F-11D3-BF4B-00C04F79EFBC}") = "RectService.Tests", "RectService.Tests\RectService.Tests.csproj", "{52B27323-9CE3-486A-A431-041ED363CBE8}"
EndProject
Global
	GlobalSection(SolutionConfigurationPlatforms) = preSolution
		Debug|Any CPU = Debug|Any CPU
		Release|Any CPU = Release|Any CPU
	EndGlobalSection
	GlobalSection(SolutionProperties) = preSolution
		HideSolutionNode = FALSE
	EndGlobalSection
	GlobalSection(ProjectConfigurationPlatforms) = postSolution
		{855B7A47-F921-4617-8159-7F23D45DBE68}.Debug|Any CPU.ActiveCfg = Debug|Any CPU
		{855B7A47-F921-4617-8159-7F23D45DBE68}.Debug|Any CPU.Build.0 = Debug|Any CPU
		{855B7A47-F921-4617-8159-7F23D45DBE68}.Release|Any CPU.ActiveCfg = Release|Any CPU
		{855B7A47-F921-4617-8159-7F23D45DBE68}.Release|Any CPU.Build.0 = Release|Any CPU
		{52B27323-9CE3-486A-A431-041ED363CBE8}.Debug|Any CPU.ActiveCfg = Debug|Any CPU
		{52B27323-9CE3-486A-A431-041ED363CBE8}.Debug|Any CPU.Build.0 = Debug|Any CPU
		{52B27323-9CE3-486A-A431-041ED363CBE8}.Release|Any CPU.ActiveCfg = Release|Any CPU
		{52B27323-9CE3-486A-A431-041ED363CBE8}.Release|Any CPU.Build.0 = Release|Any CPU
	EndGlobalSection
EndGlobal
